
Microsoft Visual Studio Solution File, Format Version 12.00
# Visual Studio Version 17
VisualStudioVersion = 17.5.002.0
MinimumVisualStudioVersion = 10.0.40219.1
Project("{9A19103F-16F7-4668-BE54-9A1E7A4F7556}") = "Assignment_Login_and_Registration", "Assignment_Login_and_Registration.csproj", "{71EE70C0-80E3-4CF9-AE54-60B109DE7312}"
EndProject
Global
	GlobalSection(SolutionConfigurationPlatforms) = preSolution
		Debug|Any CPU = Debug|Any CPU
		Release|Any CPU = Release|Any CPU
	EndGlobalSection
	GlobalSection(ProjectConfigurationPlatforms) = postSolution
		{71EE70C0-80E3-4CF9-AE54-60B109DE7312}.Debug|Any CPU.ActiveCfg = Debug|Any CPU
		{71EE70C0-80E3-4CF9-AE54-60B109DE7312}.Debug|Any CPU.Build.0 = Debug|Any CPU
		{71EE70C0-80E3-4CF9-AE54-60B109DE7312}.Release|Any CPU.ActiveCfg = Release|Any CPU
		{71EE70C0-80E3-4CF9-AE54-60B109DE7312}.Release|Any CPU.Build.0 = Release|Any CPU
	EndGlobalSection
	GlobalSection(SolutionProperties) = preSolution
		HideSolutionNode = FALSE
	EndGlobalSection
	GlobalSection(ExtensibilityGlobals) = postSolution
		SolutionGuid = {DBEF21A4-E1ED-4420-B908-F34F05B710AF}
	EndGlobalSection
EndGlobal
